// !$*UTF8*$!
{
	archiveVersion = 1;
	classes = {
	};
	objectVersion = 50;
	objects = {

/* Begin PBXBuildFile section */
		04C6694A251F5EFF00F8EC04 /* AppDelegate.swift in Sources */ = {isa = PBXBuildFile; fileRef = 04C66949251F5EFF00F8EC04 /* AppDelegate.swift */; };
		04C6694C251F5EFF00F8EC04 /* SceneDelegate.swift in Sources */ = {isa = PBXBuildFile; fileRef = 04C6694B251F5EFF00F8EC04 /* SceneDelegate.swift */; };
		04C6694E251F5EFF00F8EC04 /* ViewController.swift in Sources */ = {isa = PBXBuildFile; fileRef = 04C6694D251F5EFF00F8EC04 /* ViewController.swift */; };
		04C66951251F5EFF00F8EC04 /* Main.storyboard in Resources */ = {isa = PBXBuildFile; fileRef = 04C6694F251F5EFF00F8EC04 /* Main.storyboard */; };
		04C66953251F5F0200F8EC04 /* Assets.xcassets in Resources */ = {isa = PBXBuildFile; fileRef = 04C66952251F5F0200F8EC04 /* Assets.xcassets */; };
		04C66956251F5F0200F8EC04 /* LaunchScreen.storyboard in Resources */ = {isa = PBXBuildFile; fileRef = 04C66954251F5F0200F8EC04 /* LaunchScreen.storyboard */; };
		04C66961251F5F0200F8EC04 /* WordGameTests.swift in Sources */ = {isa = PBXBuildFile; fileRef = 04C66960251F5F0200F8EC04 /* WordGameTests.swift */; };
		04C6696C251F5F0200F8EC04 /* WordGameUITests.swift in Sources */ = {isa = PBXBuildFile; fileRef = 04C6696B251F5F0200F8EC04 /* WordGameUITests.swift */; };
		04C6697E251FDC0D00F8EC04 /* level2.txt in Resources */ = {isa = PBXBuildFile; fileRef = 04C6697C251FDC0D00F8EC04 /* level2.txt */; };
		04C6697F251FDC0D00F8EC04 /* level1.txt in Resources */ = {isa = PBXBuildFile; fileRef = 04C6697D251FDC0D00F8EC04 /* level1.txt */; };
/* End PBXBuildFile section */

/* Begin PBXContainerItemProxy section */
		04C6695D251F5F0200F8EC04 /* PBXContainerItemProxy */ = {
			isa = PBXContainerItemProxy;
			containerPortal = 04C6693E251F5EFF00F8EC04 /* Project object */;
			proxyType = 1;
			remoteGlobalIDString = 04C66945251F5EFF00F8EC04;
			remoteInfo = WordGame;
		};
		04C66968251F5F0200F8EC04 /* PBXContainerItemProxy */ = {
			isa = PBXContainerItemProxy;
			containerPortal = 04C6693E251F5EFF00F8EC04 /* Project object */;
			proxyType = 1;
			remoteGlobalIDString = 04C66945251F5EFF00F8EC04;
			remoteInfo = WordGame;
		};
/* End PBXContainerItemProxy section */

/* Begin PBXFileReference section */
		04C66946251F5EFF00F8EC04 /* WordGame.app */ = {isa = PBXFileReference; explicitFileType = wrapper.application; includeInIndex = 0; path = WordGame.app; sourceTree = BUILT_PRODUCTS_DIR; };
		04C66949251F5EFF00F8EC04 /* AppDelegate.swift */ = {isa = PBXFileReference; lastKnownFileType = sourcecode.swift; path = AppDelegate.swift; sourceTree = "<group>"; };
		04C6694B251F5EFF00F8EC04 /* SceneDelegate.swift */ = {isa = PBXFileReference; lastKnownFileType = sourcecode.swift; path = SceneDelegate.swift; sourceTree = "<group>"; };
		04C6694D251F5EFF00F8EC04 /* ViewController.swift */ = {isa = PBXFileReference; lastKnownFileType = sourcecode.swift; path = ViewController.swift; sourceTree = "<group>"; };
		04C66950251F5EFF00F8EC04 /* Base */ = {isa = PBXFileReference; lastKnownFileType = file.storyboard; name = Base; path = Base.lproj/Main.storyboard; sourceTree = "<group>"; };
		04C66952251F5F0200F8EC04 /* Assets.xcassets */ = {isa = PBXFileReference; lastKnownFileType = folder.assetcatalog; path = Assets.xcassets; sourceTree = "<group>"; };
		04C66955251F5F0200F8EC04 /* Base */ = {isa = PBXFileReference; lastKnownFileType = file.storyboard; name = Base; path = Base.lproj/LaunchScreen.storyboard; sourceTree = "<group>"; };
		04C66957251F5F0200F8EC04 /* Info.plist */ = {isa = PBXFileReference; lastKnownFileType = text.plist.xml; path = Info.plist; sourceTree = "<group>"; };
		04C6695C251F5F0200F8EC04 /* WordGameTests.xctest */ = {isa = PBXFileReference; explicitFileType = wrapper.cfbundle; includeInIndex = 0; path = WordGameTests.xctest; sourceTree = BUILT_PRODUCTS_DIR; };
		04C66960251F5F0200F8EC04 /* WordGameTests.swift */ = {isa = PBXFileReference; lastKnownFileType = sourcecode.swift; path = WordGameTests.swift; sourceTree = "<group>"; };
		04C66962251F5F0200F8EC04 /* Info.plist */ = {isa = PBXFileReference; lastKnownFileType = text.plist.xml; path = Info.plist; sourceTree = "<group>"; };
		04C66967251F5F0200F8EC04 /* WordGameUITests.xctest */ = {isa = PBXFileReference; explicitFileType = wrapper.cfbundle; includeInIndex = 0; path = WordGameUITests.xctest; sourceTree = BUILT_PRODUCTS_DIR; };
		04C6696B251F5F0200F8EC04 /* WordGameUITests.swift */ = {isa = PBXFileReference; lastKnownFileType = sourcecode.swift; path = WordGameUITests.swift; sourceTree = "<group>"; };
		04C6696D251F5F0200F8EC04 /* Info.plist */ = {isa = PBXFileReference; lastKnownFileType = text.plist.xml; path = Info.plist; sourceTree = "<group>"; };
		04C6697C251FDC0D00F8EC04 /* level2.txt */ = {isa = PBXFileReference; fileEncoding = 4; lastKnownFileType = text; path = level2.txt; sourceTree = "<group>"; };
		04C6697D251FDC0D00F8EC04 /* level1.txt */ = {isa = PBXFileReference; fileEncoding = 4; lastKnownFileType = text; path = level1.txt; sourceTree = "<group>"; };
/* End PBXFileReference section */

/* Begin PBXFrameworksBuildPhase section */
		04C66943251F5EFF00F8EC04 /* Frameworks */ = {
			isa = PBXFrameworksBuildPhase;
			buildActionMask = 2147483647;
			files = (
			);
			runOnlyForDeploymentPostprocessing = 0;
		};
		04C66959251F5F0200F8EC04 /* Frameworks */ = {
			isa = PBXFrameworksBuildPhase;
			buildActionMask = 2147483647;
			files = (
			);
			runOnlyForDeploymentPostprocessing = 0;
		};
		04C66964251F5F0200F8EC04 /* Frameworks */ = {
			isa = PBXFrameworksBuildPhase;
			buildActionMask = 2147483647;
			files = (
			);
			runOnlyForDeploymentPostprocessing = 0;
		};
/* End PBXFrameworksBuildPhase section */

/* Begin PBXGroup section */
		04C6693D251F5EFF00F8EC04 = {
			isa = PBXGroup;
			children = (
				04C66948251F5EFF00F8EC04 /* WordGame */,
				04C6695F251F5F0200F8EC04 /* WordGameTests */,
				04C6696A251F5F0200F8EC04 /* WordGameUITests */,
				04C66947251F5EFF00F8EC04 /* Products */,
			);
			sourceTree = "<group>";
		};
		04C66947251F5EFF00F8EC04 /* Products */ = {
			isa = PBXGroup;
			children = (
				04C66946251F5EFF00F8EC04 /* WordGame.app */,
				04C6695C251F5F0200F8EC04 /* WordGameTests.xctest */,
				04C66967251F5F0200F8EC04 /* WordGameUITests.xctest */,
			);
			name = Products;
			sourceTree = "<group>";
		};
		04C66948251F5EFF00F8EC04 /* WordGame */ = {
			isa = PBXGroup;
			children = (
				04C66949251F5EFF00F8EC04 /* AppDelegate.swift */,
				04C6694B251F5EFF00F8EC04 /* SceneDelegate.swift */,
				04C6694D251F5EFF00F8EC04 /* ViewController.swift */,
				04C6694F251F5EFF00F8EC04 /* Main.storyboard */,
				04C66952251F5F0200F8EC04 /* Assets.xcassets */,
				04C66954251F5F0200F8EC04 /* LaunchScreen.storyboard */,
				04C6697D251FDC0D00F8EC04 /* level1.txt */,
				04C6697C251FDC0D00F8EC04 /* level2.txt */,
				04C66957251F5F0200F8EC04 /* Info.plist */,
			);
			path = WordGame;
			sourceTree = "<group>";
		};
		04C6695F251F5F0200F8EC04 /* WordGameTests */ = {
			isa = PBXGroup;
			children = (
				04C66960251F5F0200F8EC04 /* WordGameTests.swift */,
				04C66962251F5F0200F8EC04 /* Info.plist */,
			);
			path = WordGameTests;
			sourceTree = "<group>";
		};
		04C6696A251F5F0200F8EC04 /* WordGameUITests */ = {
			isa = PBXGroup;
			children = (
				04C6696B251F5F0200F8EC04 /* WordGameUITests.swift */,
				04C6696D251F5F0200F8EC04 /* Info.plist */,
			);
			path = WordGameUITests;
			sourceTree = "<group>";
		};
/* End PBXGroup section */

/* Begin PBXNativeTarget section */
		04C66945251F5EFF00F8EC04 /* WordGame */ = {
			isa = PBXNativeTarget;
			buildConfigurationList = 04C66970251F5F0200F8EC04 /* Build configuration list for PBXNativeTarget "WordGame" */;
			buildPhases = (
				04C66942251F5EFF00F8EC04 /* Sources */,
				04C66943251F5EFF00F8EC04 /* Frameworks */,
				04C66944251F5EFF00F8EC04 /* Resources */,
			);
			buildRules = (
			);
			dependencies = (
			);
			name = WordGame;
			productName = WordGame;
			productReference = 04C66946251F5EFF00F8EC04 /* WordGame.app */;
			productType = "com.apple.product-type.application";
		};
		04C6695B251F5F0200F8EC04 /* WordGameTests */ = {
			isa = PBXNativeTarget;
			buildConfigurationList = 04C66973251F5F0200F8EC04 /* Build configuration list for PBXNativeTarget "WordGameTests" */;
			buildPhases = (
				04C66958251F5F0200F8EC04 /* Sources */,
				04C66959251F5F0200F8EC04 /* Frameworks */,
				04C6695A251F5F0200F8EC04 /* Resources */,
			);
			buildRules = (
			);
			dependencies = (
				04C6695E251F5F0200F8EC04 /* PBXTargetDependency */,
			);
			name = WordGameTests;
			productName = WordGameTests;
			productReference = 04C6695C251F5F0200F8EC04 /* WordGameTests.xctest */;
			productType = "com.apple.product-type.bundle.unit-test";
		};
		04C66966251F5F0200F8EC04 /* WordGameUITests */ = {
			isa = PBXNativeTarget;
			buildConfigurationList = 04C66976251F5F0200F8EC04 /* Build configuration list for PBXNativeTarget "WordGameUITests" */;
			buildPhases = (
				04C66963251F5F0200F8EC04 /* Sources */,
				04C66964251F5F0200F8EC04 /* Frameworks */,
				04C66965251F5F0200F8EC04 /* Resources */,
			);
			buildRules = (
			);
			dependencies = (
				04C66969251F5F0200F8EC04 /* PBXTargetDependency */,
			);
			name = WordGameUITests;
			productName = WordGameUITests;
			productReference = 04C66967251F5F0200F8EC04 /* WordGameUITests.xctest */;
			productType = "com.apple.product-type.bundle.ui-testing";
		};
/* End PBXNativeTarget section */

/* Begin PBXProject section */
		04C6693E251F5EFF00F8EC04 /* Project object */ = {
			isa = PBXProject;
			attributes = {
				LastSwiftUpdateCheck = 1200;
				LastUpgradeCheck = 1200;
				TargetAttributes = {
					04C66945251F5EFF00F8EC04 = {
						CreatedOnToolsVersion = 12.0.1;
					};
					04C6695B251F5F0200F8EC04 = {
						CreatedOnToolsVersion = 12.0.1;
						TestTargetID = 04C66945251F5EFF00F8EC04;
					};
					04C66966251F5F0200F8EC04 = {
						CreatedOnToolsVersion = 12.0.1;
						TestTargetID = 04C66945251F5EFF00F8EC04;
					};
				};
			};
			buildConfigurationList = 04C66941251F5EFF00F8EC04 /* Build configuration list for PBXProject "WordGame" */;
			compatibilityVersion = "Xcode 9.3";
			developmentRegion = en;
			hasScannedForEncodings = 0;
			knownRegions = (
				en,
				Base,
			);
			mainGroup = 04C6693D251F5EFF00F8EC04;
			productRefGroup = 04C66947251F5EFF00F8EC04 /* Products */;
			projectDirPath = "";
			projectRoot = "";
			targets = (
				04C66945251F5EFF00F8EC04 /* WordGame */,
				04C6695B251F5F0200F8EC04 /* WordGameTests */,
				04C66966251F5F0200F8EC04 /* WordGameUITests */,
			);
		};
/* End PBXProject section */

/* Begin PBXResourcesBuildPhase section */
		04C66944251F5EFF00F8EC04 /* Resources */ = {
			isa = PBXResourcesBuildPhase;
			buildActionMask = 2147483647;
			files = (
				04C66956251F5F0200F8EC04 /* LaunchScreen.storyboard in Resources */,
				04C66953251F5F0200F8EC04 /* Assets.xcassets in Resources */,
				04C6697E251FDC0D00F8EC04 /* level2.txt in Resources */,
				04C66951251F5EFF00F8EC04 /* Main.storyboard in Resources */,
				04C6697F251FDC0D00F8EC04 /* level1.txt in Resources */,
			);
			runOnlyForDeploymentPostprocessing = 0;
		};
		04C6695A251F5F0200F8EC04 /* Resources */ = {
			isa = PBXResourcesBuildPhase;
			buildActionMask = 2147483647;
			files = (
			);
			runOnlyForDeploymentPostprocessing = 0;
		};
		04C66965251F5F0200F8EC04 /* Resources */ = {
			isa = PBXResourcesBuildPhase;
			buildActionMask = 2147483647;
			files = (
			);
			runOnlyForDeploymentPostprocessing = 0;
		};
/* End PBXResourcesBuildPhase section */

/* Begin PBXSourcesBuildPhase section */
		04C66942251F5EFF00F8EC04 /* Sources */ = {
			isa = PBXSourcesBuildPhase;
			buildActionMask = 2147483647;
			files = (
				04C6694E251F5EFF00F8EC04 /* ViewController.swift in Sources */,
				04C6694A251F5EFF00F8EC04 /* AppDelegate.swift in Sources */,
				04C6694C251F5EFF00F8EC04 /* SceneDelegate.swift in Sources */,
			);
			runOnlyForDeploymentPostprocessing = 0;
		};
		04C66958251F5F0200F8EC04 /* Sources */ = {
			isa = PBXSourcesBuildPhase;
			buildActionMask = 2147483647;
			files = (
				04C66961251F5F0200F8EC04 /* WordGameTests.swift in Sources */,
			);
			runOnlyForDeploymentPostprocessing = 0;
		};
		04C66963251F5F0200F8EC04 /* Sources */ = {
			isa = PBXSourcesBuildPhase;
			buildActionMask = 2147483647;
			files = (
				04C6696C251F5F0200F8EC04 /* WordGameUITests.swift in Sources */,
			);
			runOnlyForDeploymentPostprocessing = 0;
		};
/* End PBXSourcesBuildPhase section */

/* Begin PBXTargetDependency section */
		04C6695E251F5F0200F8EC04 /* PBXTargetDependency */ = {
			isa = PBXTargetDependency;
			target = 04C66945251F5EFF00F8EC04 /* WordGame */;
			targetProxy = 04C6695D251F5F0200F8EC04 /* PBXContainerItemProxy */;
		};
		04C66969251F5F0200F8EC04 /* PBXTargetDependency */ = {
			isa = PBXTargetDependency;
			target = 04C66945251F5EFF00F8EC04 /* WordGame */;
			targetProxy = 04C66968251F5F0200F8EC04 /* PBXContainerItemProxy */;
		};
/* End PBXTargetDependency section */

/* Begin PBXVariantGroup section */
		04C6694F251F5EFF00F8EC04 /* Main.storyboard */ = {
			isa = PBXVariantGroup;
			children = (
				04C66950251F5EFF00F8EC04 /* Base */,
			);
			name = Main.storyboard;
			sourceTree = "<group>";
		};
		04C66954251F5F0200F8EC04 /* LaunchScreen.storyboard */ = {
			isa = PBXVariantGroup;
			children = (
				04C66955251F5F0200F8EC04 /* Base */,
			);
			name = LaunchScreen.storyboard;
			sourceTree = "<group>";
		};
/* End PBXVariantGroup section */

/* Begin XCBuildConfiguration section */
		04C6696E251F5F0200F8EC04 /* Debug */ = {
			isa = XCBuildConfiguration;
			buildSettings = {
				ALWAYS_SEARCH_USER_PATHS = NO;
				CLANG_ANALYZER_NONNULL = YES;
				CLANG_ANALYZER_NUMBER_OBJECT_CONVERSION = YES_AGGRESSIVE;
				CLANG_CXX_LANGUAGE_STANDARD = "gnu++14";
				CLANG_CXX_LIBRARY = "libc++";
				CLANG_ENABLE_MODULES = YES;
				CLANG_ENABLE_OBJC_ARC = YES;
				CLANG_ENABLE_OBJC_WEAK = YES;
				CLANG_WARN_BLOCK_CAPTURE_AUTORELEASING = YES;
				CLANG_WARN_BOOL_CONVERSION = YES;
				CLANG_WARN_COMMA = YES;
				CLANG_WARN_CONSTANT_CONVERSION = YES;
				CLANG_WARN_DEPRECATED_OBJC_IMPLEMENTATIONS = YES;
				CLANG_WARN_DIRECT_OBJC_ISA_USAGE = YES_ERROR;
				CLANG_WARN_DOCUMENTATION_COMMENTS = YES;
				CLANG_WARN_EMPTY_BODY = YES;
				CLANG_WARN_ENUM_CONVERSION = YES;
				CLANG_WARN_INFINITE_RECURSION = YES;
				CLANG_WARN_INT_CONVERSION = YES;
				CLANG_WARN_NON_LITERAL_NULL_CONVERSION = YES;
				CLANG_WARN_OBJC_IMPLICIT_RETAIN_SELF = YES;
				CLANG_WARN_OBJC_LITERAL_CONVERSION = YES;
				CLANG_WARN_OBJC_ROOT_CLASS = YES_ERROR;
				CLANG_WARN_QUOTED_INCLUDE_IN_FRAMEWORK_HEADER = YES;
				CLANG_WARN_RANGE_LOOP_ANALYSIS = YES;
				CLANG_WARN_STRICT_PROTOTYPES = YES;
				CLANG_WARN_SUSPICIOUS_MOVE = YES;
				CLANG_WARN_UNGUARDED_AVAILABILITY = YES_AGGRESSIVE;
				CLANG_WARN_UNREACHABLE_CODE = YES;
				CLANG_WARN__DUPLICATE_METHOD_MATCH = YES;
				COPY_PHASE_STRIP = NO;
				DEBUG_INFORMATION_FORMAT = dwarf;
				ENABLE_STRICT_OBJC_MSGSEND = YES;
				ENABLE_TESTABILITY = YES;
				GCC_C_LANGUAGE_STANDARD = gnu11;
				GCC_DYNAMIC_NO_PIC = NO;
				GCC_NO_COMMON_BLOCKS = YES;
				GCC_OPTIMIZATION_LEVEL = 0;
				GCC_PREPROCESSOR_DEFINITIONS = (
					"DEBUG=1",
					"$(inherited)",
				);
				GCC_WARN_64_TO_32_BIT_CONVERSION = YES;
				GCC_WARN_ABOUT_RETURN_TYPE = YES_ERROR;
				GCC_WARN_UNDECLARED_SELECTOR = YES;
				GCC_WARN_UNINITIALIZED_AUTOS = YES_AGGRESSIVE;
				GCC_WARN_UNUSED_FUNCTION = YES;
				GCC_WARN_UNUSED_VARIABLE = YES;
				IPHONEOS_DEPLOYMENT_TARGET = 14.0;
				MTL_ENABLE_DEBUG_INFO = INCLUDE_SOURCE;
				MTL_FAST_MATH = YES;
				ONLY_ACTIVE_ARCH = YES;
				SDKROOT = iphoneos;
				SWIFT_ACTIVE_COMPILATION_CONDITIONS = DEBUG;
				SWIFT_OPTIMIZATION_LEVEL = "-Onone";
			};
			name = Debug;
		};
		04C6696F251F5F0200F8EC04 /* Release */ = {
			isa = XCBuildConfiguration;
			buildSettings = {
				ALWAYS_SEARCH_USER_PATHS = NO;
				CLANG_ANALYZER_NONNULL = YES;
				CLANG_ANALYZER_NUMBER_OBJECT_CONVERSION = YES_AGGRESSIVE;
				CLANG_CXX_LANGUAGE_STANDARD = "gnu++14";
				CLANG_CXX_LIBRARY = "libc++";
				CLANG_ENABLE_MODULES = YES;
				CLANG_ENABLE_OBJC_ARC = YES;
				CLANG_ENABLE_OBJC_WEAK = YES;
				CLANG_WARN_BLOCK_CAPTURE_AUTORELEASING = YES;
				CLANG_WARN_BOOL_CONVERSION = YES;
				CLANG_WARN_COMMA = YES;
				CLANG_WARN_CONSTANT_CONVERSION = YES;
				CLANG_WARN_DEPRECATED_OBJC_IMPLEMENTATIONS = YES;
				CLANG_WARN_DIRECT_OBJC_ISA_USAGE = YES_ERROR;
				CLANG_WARN_DOCUMENTATION_COMMENTS = YES;
				CLANG_WARN_EMPTY_BODY = YES;
				CLANG_WARN_ENUM_CONVERSION = YES;
				CLANG_WARN_INFINITE_RECURSION = YES;
				CLANG_WARN_INT_CONVERSION = YES;
				CLANG_WARN_NON_LITERAL_NULL_CONVERSION = YES;
				CLANG_WARN_OBJC_IMPLICIT_RETAIN_SELF = YES;
				CLANG_WARN_OBJC_LITERAL_CONVERSION = YES;
				CLANG_WARN_OBJC_ROOT_CLASS = YES_ERROR;
				CLANG_WARN_QUOTED_INCLUDE_IN_FRAMEWORK_HEADER = YES;
				CLANG_WARN_RANGE_LOOP_ANALYSIS = YES;
				CLANG_WARN_STRICT_PROTOTYPES = YES;
				CLANG_WARN_SUSPICIOUS_MOVE = YES;
				CLANG_WARN_UNGUARDED_AVAILABILITY = YES_AGGRESSIVE;
				CLANG_WARN_UNREACHABLE_CODE = YES;
				CLANG_WARN__DUPLICATE_METHOD_MATCH = YES;
				COPY_PHASE_STRIP = NO;
				DEBUG_INFORMATION_FORMAT = "dwarf-with-dsym";
				ENABLE_NS_ASSERTIONS = NO;
				ENABLE_STRICT_OBJC_MSGSEND = YES;
				GCC_C_LANGUAGE_STANDARD = gnu11;
				GCC_NO_COMMON_BLOCKS = YES;
				GCC_WARN_64_TO_32_BIT_CONVERSION = YES;
				GCC_WARN_ABOUT_RETURN_TYPE = YES_ERROR;
				GCC_WARN_UNDECLARED_SELECTOR = YES;
				GCC_WARN_UNINITIALIZED_AUTOS = YES_AGGRESSIVE;
				GCC_WARN_UNUSED_FUNCTION = YES;
				GCC_WARN_UNUSED_VARIABLE = YES;
				IPHONEOS_DEPLOYMENT_TARGET = 14.0;
				MTL_ENABLE_DEBUG_INFO = NO;
				MTL_FAST_MATH = YES;
				SDKROOT = iphoneos;
				SWIFT_COMPILATION_MODE = wholemodule;
				SWIFT_OPTIMIZATION_LEVEL = "-O";
				VALIDATE_PRODUCT = YES;
			};
			name = Release;
		};
		04C66971251F5F0200F8EC04 /* Debug */ = {
			isa = XCBuildConfiguration;
			buildSettings = {
				ASSETCATALOG_COMPILER_APPICON_NAME = AppIcon;
				ASSETCATALOG_COMPILER_GLOBAL_ACCENT_COLOR_NAME = AccentColor;
				CODE_SIGN_STYLE = Automatic;
				INFOPLIST_FILE = WordGame/Info.plist;
				LD_RUNPATH_SEARCH_PATHS = (
					"$(inherited)",
					"@executable_path/Frameworks",
				);
				PRODUCT_BUNDLE_IDENTIFIER = com.timobe.WordGame;
				PRODUCT_NAME = "$(TARGET_NAME)";
				SWIFT_VERSION = 5.0;
				TARGETED_DEVICE_FAMILY = "1,2";
			};
			name = Debug;
		};
		04C66972251F5F0200F8EC04 /* Release */ = {
			isa = XCBuildConfiguration;
			buildSettings = {
				ASSETCATALOG_COMPILER_APPICON_NAME = AppIcon;
				ASSETCATALOG_COMPILER_GLOBAL_ACCENT_COLOR_NAME = AccentColor;
				CODE_SIGN_STYLE = Automatic;
				INFOPLIST_FILE = WordGame/Info.plist;
				LD_RUNPATH_SEARCH_PATHS = (
					"$(inherited)",
					"@executable_path/Frameworks",
				);
				PRODUCT_BUNDLE_IDENTIFIER = com.timobe.WordGame;
				PRODUCT_NAME = "$(TARGET_NAME)";
				SWIFT_VERSION = 5.0;
				TARGETED_DEVICE_FAMILY = "1,2";
			};
			name = Release;
		};
		04C66974251F5F0200F8EC04 /* Debug */ = {
			isa = XCBuildConfiguration;
			buildSettings = {
				ALWAYS_EMBED_SWIFT_STANDARD_LIBRARIES = YES;
				BUNDLE_LOADER = "$(TEST_HOST)";
				CODE_SIGN_STYLE = Automatic;
				INFOPLIST_FILE = WordGameTests/Info.plist;
				IPHONEOS_DEPLOYMENT_TARGET = 14.0;
				LD_RUNPATH_SEARCH_PATHS = (
					"$(inherited)",
					"@executable_path/Frameworks",
					"@loader_path/Frameworks",
				);
				PRODUCT_BUNDLE_IDENTIFIER = com.timobe.WordGameTests;
				PRODUCT_NAME = "$(TARGET_NAME)";
				SWIFT_VERSION = 5.0;
				TARGETED_DEVICE_FAMILY = "1,2";
				TEST_HOST = "$(BUILT_PRODUCTS_DIR)/WordGame.app/WordGame";
			};
			name = Debug;
		};
		04C66975251F5F0200F8EC04 /* Release */ = {
			isa = XCBuildConfiguration;
			buildSettings = {
				ALWAYS_EMBED_SWIFT_STANDARD_LIBRARIES = YES;
				BUNDLE_LOADER = "$(TEST_HOST)";
				CODE_SIGN_STYLE = Automatic;
				INFOPLIST_FILE = WordGameTests/Info.plist;
				IPHONEOS_DEPLOYMENT_TARGET = 14.0;
				LD_RUNPATH_SEARCH_PATHS = (
					"$(inherited)",
					"@executable_path/Frameworks",
					"@loader_path/Frameworks",
				);
				PRODUCT_BUNDLE_IDENTIFIER = com.timobe.WordGameTests;
				PRODUCT_NAME = "$(TARGET_NAME)";
				SWIFT_VERSION = 5.0;
				TARGETED_DEVICE_FAMILY = "1,2";
				TEST_HOST = "$(BUILT_PRODUCTS_DIR)/WordGame.app/WordGame";
			};
			name = Release;
		};
		04C66977251F5F0200F8EC04 /* Debug */ = {
			isa = XCBuildConfiguration;
			buildSettings = {
				ALWAYS_EMBED_SWIFT_STANDARD_LIBRARIES = YES;
				CODE_SIGN_STYLE = Automatic;
				INFOPLIST_FILE = WordGameUITests/Info.plist;
				LD_RUNPATH_SEARCH_PATHS = (
					"$(inherited)",
					"@executable_path/Frameworks",
					"@loader_path/Frameworks",
				);
				PRODUCT_BUNDLE_IDENTIFIER = com.timobe.WordGameUITests;
				PRODUCT_NAME = "$(TARGET_NAME)";
				SWIFT_VERSION = 5.0;
				TARGETED_DEVICE_FAMILY = "1,2";
				TEST_TARGET_NAME = WordGame;
			};
			name = Debug;
		};
		04C66978251F5F0200F8EC04 /* Release */ = {
			isa = XCBuildConfiguration;
			buildSettings = {
				ALWAYS_EMBED_SWIFT_STANDARD_LIBRARIES = YES;
				CODE_SIGN_STYLE = Automatic;
				INFOPLIST_FILE = WordGameUITests/Info.plist;
				LD_RUNPATH_SEARCH_PATHS = (
					"$(inherited)",
					"@executable_path/Frameworks",
					"@loader_path/Frameworks",
				);
				PRODUCT_BUNDLE_IDENTIFIER = com.timobe.WordGameUITests;
				PRODUCT_NAME = "$(TARGET_NAME)";
				SWIFT_VERSION = 5.0;
				TARGETED_DEVICE_FAMILY = "1,2";
				TEST_TARGET_NAME = WordGame;
			};
			name = Release;
		};
/* End XCBuildConfiguration section */

/* Begin XCConfigurationList section */
		04C66941251F5EFF00F8EC04 /* Build configuration list for PBXProject "WordGame" */ = {
			isa = XCConfigurationList;
			buildConfigurations = (
				04C6696E251F5F0200F8EC04 /* Debug */,
				04C6696F251F5F0200F8EC04 /* Release */,
			);
			defaultConfigurationIsVisible = 0;
			defaultConfigurationName = Release;
		};
		04C66970251F5F0200F8EC04 /* Build configuration list for PBXNativeTarget "WordGame" */ = {
			isa = XCConfigurationList;
			buildConfigurations = (
				04C66971251F5F0200F8EC04 /* Debug */,
				04C66972251F5F0200F8EC04 /* Release */,
			);
			defaultConfigurationIsVisible = 0;
			defaultConfigurationName = Release;
		};
		04C66973251F5F0200F8EC04 /* Build configuration list for PBXNativeTarget "WordGameTests" */ = {
			isa = XCConfigurationList;
			buildConfigurations = (
				04C66974251F5F0200F8EC04 /* Debug */,
				04C66975251F5F0200F8EC04 /* Release */,
			);
			defaultConfigurationIsVisible = 0;
			defaultConfigurationName = Release;
		};
		04C66976251F5F0200F8EC04 /* Build configuration list for PBXNativeTarget "WordGameUITests" */ = {
			isa = XCConfigurationList;
			buildConfigurations = (
				04C66977251F5F0200F8EC04 /* Debug */,
				04C66978251F5F0200F8EC04 /* Release */,
			);
			defaultConfigurationIsVisible = 0;
			defaultConfigurationName = Release;
		};
/* End XCConfigurationList section */
	};
	rootObject = 04C6693E251F5EFF00F8EC04 /* Project object */;
}
